
Microsoft Visual Studio Solution File, Format Version 12.00
# Visual Studio 14
VisualStudioVersion = 14.0.25420.1
MinimumVisualStudioVersion = 10.0.40219.1
Project("{FAE04EC0-301F-11D3-BF4B-00C04F79EFBC}") = "Noaster.Test", "Noaster.Test\Noaster.Test.csproj", "{067456C0-086C-46A8-B37F-1405717B7BFC}"
EndProject
Project("{FAE04EC0-301F-11D3-BF4B-00C04F79EFBC}") = "Noaster.Impl", "Noaster.Impl\Noaster.Impl.csproj", "{334B8D70-2569-46FE-821B-B98DFF3E4FDF}"
EndProject
Project("{FAE04EC0-301F-11D3-BF4B-00C04F79EFBC}") = "Noaster.Api", "Noaster.Api\Noaster.Api.csproj", "{E7556D4A-17E3-4A33-93F5-D0AB02ACFFD0}"
EndProject
Project("{FAE04EC0-301F-11D3-BF4B-00C04F79EFBC}") = "Noaster", "Noaster\Noaster.csproj", "{6DE6F9EC-9D94-41AD-BE2B-12385292CED7}"
EndProject
Global
	GlobalSection(SolutionConfigurationPlatforms) = preSolution
		Debug|Any CPU = Debug|Any CPU
		Release|Any CPU = Release|Any CPU
	EndGlobalSection
	GlobalSection(ProjectConfigurationPlatforms) = postSolution
		{067456C0-086C-46A8-B37F-1405717B7BFC}.Debug|Any CPU.ActiveCfg = Debug|Any CPU
		{067456C0-086C-46A8-B37F-1405717B7BFC}.Debug|Any CPU.Build.0 = Debug|Any CPU
		{067456C0-086C-46A8-B37F-1405717B7BFC}.Release|Any CPU.ActiveCfg = Release|Any CPU
		{067456C0-086C-46A8-B37F-1405717B7BFC}.Release|Any CPU.Build.0 = Release|Any CPU
		{334B8D70-2569-46FE-821B-B98DFF3E4FDF}.Debug|Any CPU.ActiveCfg = Debug|Any CPU
		{334B8D70-2569-46FE-821B-B98DFF3E4FDF}.Debug|Any CPU.Build.0 = Debug|Any CPU
		{334B8D70-2569-46FE-821B-B98DFF3E4FDF}.Release|Any CPU.ActiveCfg = Release|Any CPU
		{334B8D70-2569-46FE-821B-B98DFF3E4FDF}.Release|Any CPU.Build.0 = Release|Any CPU
		{E7556D4A-17E3-4A33-93F5-D0AB02ACFFD0}.Debug|Any CPU.ActiveCfg = Debug|Any CPU
		{E7556D4A-17E3-4A33-93F5-D0AB02ACFFD0}.Debug|Any CPU.Build.0 = Debug|Any CPU
		{E7556D4A-17E3-4A33-93F5-D0AB02ACFFD0}.Release|Any CPU.ActiveCfg = Release|Any CPU
		{E7556D4A-17E3-4A33-93F5-D0AB02ACFFD0}.Release|Any CPU.Build.0 = Release|Any CPU
		{6DE6F9EC-9D94-41AD-BE2B-12385292CED7}.Debug|Any CPU.ActiveCfg = Debug|Any CPU
		{6DE6F9EC-9D94-41AD-BE2B-12385292CED7}.Debug|Any CPU.Build.0 = Debug|Any CPU
		{6DE6F9EC-9D94-41AD-BE2B-12385292CED7}.Release|Any CPU.ActiveCfg = Release|Any CPU
		{6DE6F9EC-9D94-41AD-BE2B-12385292CED7}.Release|Any CPU.Build.0 = Release|Any CPU
	EndGlobalSection
	GlobalSection(SolutionProperties) = preSolution
		HideSolutionNode = FALSE
	EndGlobalSection
EndGlobal
